
Microsoft Visual Studio Solution File, Format Version 12.00
# Visual Studio 2012
Project("{FAE04EC0-301F-11D3-BF4B-00C04F79EFBC}") = "Chatbox.Web", "Chatbox.Web\Chatbox.Web.csproj", "{E8BF8123-CA2E-494D-A583-F1CFB773B7B8}"
EndProject
Project("{FAE04EC0-301F-11D3-BF4B-00C04F79EFBC}") = "Chatbox.Facts", "Chatbox.Facts\Chatbox.Facts.csproj", "{1A82A97A-5452-403F-81A9-3CB764F00282}"
EndProject
Global
	GlobalSection(SolutionConfigurationPlatforms) = preSolution
		Debug|Any CPU = Debug|Any CPU
		Release|Any CPU = Release|Any CPU
	EndGlobalSection
	GlobalSection(ProjectConfigurationPlatforms) = postSolution
		{E8BF8123-CA2E-494D-A583-F1CFB773B7B8}.Debug|Any CPU.ActiveCfg = Debug|Any CPU
		{E8BF8123-CA2E-494D-A583-F1CFB773B7B8}.Debug|Any CPU.Build.0 = Debug|Any CPU
		{E8BF8123-CA2E-494D-A583-F1CFB773B7B8}.Release|Any CPU.ActiveCfg = Release|Any CPU
		{E8BF8123-CA2E-494D-A583-F1CFB773B7B8}.Release|Any CPU.Build.0 = Release|Any CPU
		{1A82A97A-5452-403F-81A9-3CB764F00282}.Debug|Any CPU.ActiveCfg = Debug|Any CPU
		{1A82A97A-5452-403F-81A9-3CB764F00282}.Debug|Any CPU.Build.0 = Debug|Any CPU
		{1A82A97A-5452-403F-81A9-3CB764F00282}.Release|Any CPU.ActiveCfg = Release|Any CPU
		{1A82A97A-5452-403F-81A9-3CB764F00282}.Release|Any CPU.Build.0 = Release|Any CPU
	EndGlobalSection
	GlobalSection(SolutionProperties) = preSolution
		HideSolutionNode = FALSE
	EndGlobalSection
EndGlobal
